# This file is automatically @generated by Poetry 1.8.3 and should not be changed by hand.

[[package]]
name = "appdirs"
version = "1.4.4"
description = "A small Python module for determining appropriate platform-specific dirs, e.g. a \"user data dir\"."
optional = false
python-versions = "*"
files = [
    {file = "appdirs-1.4.4-py2.py3-none-any.whl", hash = "sha256:a841dacd6b99318a741b166adb07e19ee71a274450e68237b4650ca1055ab128"},
    {file = "appdirs-1.4.4.tar.gz", hash = "sha256:7d5d0167b2b1ba821647616af46a749d1c653740dd0d2415100fe26e27afdf41"},
]

[[package]]
name = "attrs"
version = "24.2.0"
description = "Classes Without Boilerplate"
optional = false
python-versions = ">=3.7"
files = [
    {file = "attrs-24.2.0-py3-none-any.whl", hash = "sha256:81921eb96de3191c8258c199618104dd27ac608d9366f5e35d011eae1867ede2"},
    {file = "attrs-24.2.0.tar.gz", hash = "sha256:5cfb1b9148b5b086569baec03f20d7b6bf3bcacc9a42bebf87ffaaca362f6346"},
]

[package.extras]
benchmark = ["cloudpickle", "hypothesis", "mypy (>=1.11.1)", "pympler", "pytest (>=4.3.0)", "pytest-codspeed", "pytest-mypy-plugins", "pytest-xdist[psutil]"]
cov = ["cloudpickle", "coverage[toml] (>=5.3)", "hypothesis", "mypy (>=1.11.1)", "pympler", "pytest (>=4.3.0)", "pytest-mypy-plugins", "pytest-xdist[psutil]"]
dev = ["cloudpickle", "hypothesis", "mypy (>=1.11.1)", "pre-commit", "pympler", "pytest (>=4.3.0)", "pytest-mypy-plugins", "pytest-xdist[psutil]"]
docs = ["cogapp", "furo", "myst-parser", "sphinx", "sphinx-notfound-page", "sphinxcontrib-towncrier", "towncrier (<24.7)"]
tests = ["cloudpickle", "hypothesis", "mypy (>=1.11.1)", "pympler", "pytest (>=4.3.0)", "pytest-mypy-plugins", "pytest-xdist[psutil]"]
tests-mypy = ["mypy (>=1.11.1)", "pytest-mypy-plugins"]

[[package]]
name = "build"
version = "1.2.2"
description = "A simple, correct Python build frontend"
optional = false
python-versions = ">=3.8"
files = [
    {file = "build-1.2.2-py3-none-any.whl", hash = "sha256:277ccc71619d98afdd841a0e96ac9fe1593b823af481d3b0cea748e8894e0613"},
    {file = "build-1.2.2.tar.gz", hash = "sha256:119b2fb462adef986483438377a13b2f42064a2a3a4161f24a0cca698a07ac8c"},
]

[package.dependencies]
colorama = {version = "*", markers = "os_name == \"nt\""}
packaging = ">=19.1"
pyproject_hooks = "*"

[package.extras]
docs = ["furo (>=2023.08.17)", "sphinx (>=7.0,<8.0)", "sphinx-argparse-cli (>=1.5)", "sphinx-autodoc-typehints (>=1.10)", "sphinx-issues (>=3.0.0)"]
test = ["build[uv,virtualenv]", "filelock (>=3)", "pytest (>=6.2.4)", "pytest-cov (>=2.12)", "pytest-mock (>=2)", "pytest-rerunfailures (>=9.1)", "pytest-xdist (>=1.34)", "setuptools (>=42.0.0)", "setuptools (>=56.0.0)", "setuptools (>=56.0.0)", "setuptools (>=67.8.0)", "wheel (>=0.36.0)"]
typing = ["build[uv]", "importlib-metadata (>=5.1)", "mypy (>=1.9.0,<1.10.0)", "tomli", "typing-extensions (>=3.7.4.3)"]
uv = ["uv (>=0.1.18)"]
virtualenv = ["virtualenv (>=20.0.35)"]

[[package]]
name = "buildozer"
version = "1.5.0"
description = "Generic Python packager for Android / iOS and Desktop"
optional = false
python-versions = "*"
files = [
    {file = "buildozer-1.5.0-py3-none-any.whl", hash = "sha256:987cc4363c4834893bbf1c32547b8afd953a16b92d788a654ca5f89ba197d9ea"},
    {file = "buildozer-1.5.0.tar.gz", hash = "sha256:ec685a53f88789607a43e629f9e25992c9be8824518b00d77ce3092ff7deca75"},
]

[package.dependencies]
pexpect = "*"
sh = "*"
virtualenv = "*"

[[package]]
name = "cattrs"
version = "24.1.2"
description = "Composable complex class support for attrs and dataclasses."
optional = false
python-versions = ">=3.8"
files = [
    {file = "cattrs-24.1.2-py3-none-any.whl", hash = "sha256:67c7495b760168d931a10233f979b28dc04daf853b30752246f4f8471c6d68d0"},
    {file = "cattrs-24.1.2.tar.gz", hash = "sha256:8028cfe1ff5382df59dd36474a86e02d817b06eaf8af84555441bac915d2ef85"},
]

[package.dependencies]
attrs = ">=23.1.0"

[package.extras]
bson = ["pymongo (>=4.4.0)"]
cbor2 = ["cbor2 (>=5.4.6)"]
msgpack = ["msgpack (>=1.0.5)"]
msgspec = ["msgspec (>=0.18.5)"]
orjson = ["orjson (>=3.9.2)"]
pyyaml = ["pyyaml (>=6.0)"]
tomlkit = ["tomlkit (>=0.11.8)"]
ujson = ["ujson (>=5.7.0)"]

[[package]]
name = "colorama"
version = "0.4.6"
description = "Cross-platform colored terminal text."
optional = false
python-versions = "!=3.0.*,!=3.1.*,!=3.2.*,!=3.3.*,!=3.4.*,!=3.5.*,!=3.6.*,>=2.7"
files = [
    {file = "colorama-0.4.6-py2.py3-none-any.whl", hash = "sha256:4f1d9991f5acc0ca119f9d443620b77f9d6b33703e51011c16baf57afb285fc6"},
    {file = "colorama-0.4.6.tar.gz", hash = "sha256:08695f5cb7ed6e0531a20572697297273c47b8cae5a63ffc6d6ed5c201be6e44"},
]

[[package]]
name = "cython"
version = "3.0.11"
description = "The Cython compiler for writing C extensions in the Python language."
optional = false
python-versions = "!=3.0.*,!=3.1.*,!=3.2.*,!=3.3.*,>=2.7"
files = [
    {file = "Cython-3.0.11-cp310-cp310-macosx_10_9_x86_64.whl", hash = "sha256:44292aae17524abb4b70a25111fe7dec1a0ad718711d47e3786a211d5408fdaa"},
    {file = "Cython-3.0.11-cp310-cp310-manylinux_2_17_aarch64.manylinux2014_aarch64.whl", hash = "sha256:a75d45fbc20651c1b72e4111149fed3b33d270b0a4fb78328c54d965f28d55e1"},
    {file = "Cython-3.0.11-cp310-cp310-manylinux_2_17_x86_64.manylinux2014_x86_64.whl", hash = "sha256:d89a82937ce4037f092e9848a7bbcc65bc8e9fc9aef2bb74f5c15e7d21a73080"},
    {file = "Cython-3.0.11-cp310-cp310-manylinux_2_5_i686.manylinux1_i686.manylinux_2_17_i686.manylinux2014_i686.whl", hash = "sha256:2a8ea2e7e2d3bc0d8630dafe6c4a5a89485598ff8a61885b74f8ed882597efd5"},
    {file = "Cython-3.0.11-cp310-cp310-musllinux_1_2_aarch64.whl", hash = "sha256:cee29846471ce60226b18e931d8c1c66a158db94853e3e79bc2da9bd22345008"},
    {file = "Cython-3.0.11-cp310-cp310-musllinux_1_2_x86_64.whl", hash = "sha256:eeb6860b0f4bfa402de8929833fe5370fa34069c7ebacb2d543cb017f21fb891"},
    {file = "Cython-3.0.11-cp310-cp310-win32.whl", hash = "sha256:3699391125ab344d8d25438074d1097d9ba0fb674d0320599316cfe7cf5f002a"},
    {file = "Cython-3.0.11-cp310-cp310-win_amd64.whl", hash = "sha256:d02f4ebe15aac7cdacce1a628e556c1983f26d140fd2e0ac5e0a090e605a2d38"},
    {file = "Cython-3.0.11-cp311-cp311-macosx_10_9_x86_64.whl", hash = "sha256:75ba1c70b6deeaffbac123856b8d35f253da13552207aa969078611c197377e4"},
    {file = "Cython-3.0.11-cp311-cp311-manylinux_2_17_aarch64.manylinux2014_aarch64.whl", hash = "sha256:af91497dc098718e634d6ec8f91b182aea6bb3690f333fc9a7777bc70abe8810"},
    {file = "Cython-3.0.11-cp311-cp311-manylinux_2_17_x86_64.manylinux2014_x86_64.whl", hash = "sha256:3999fb52d3328a6a5e8c63122b0a8bd110dfcdb98dda585a3def1426b991cba7"},
    {file = "Cython-3.0.11-cp311-cp311-manylinux_2_5_i686.manylinux1_i686.manylinux_2_17_i686.manylinux2014_i686.whl", hash = "sha256:d566a4e09b8979be8ab9f843bac0dd216c81f5e5f45661a9b25cd162ed80508c"},
    {file = "Cython-3.0.11-cp311-cp311-musllinux_1_2_aarch64.whl", hash = "sha256:46aec30f217bdf096175a1a639203d44ac73a36fe7fa3dd06bd012e8f39eca0f"},
    {file = "Cython-3.0.11-cp311-cp311-musllinux_1_2_x86_64.whl", hash = "sha256:ddd1fe25af330f4e003421636746a546474e4ccd8f239f55d2898d80983d20ed"},
    {file = "Cython-3.0.11-cp311-cp311-win32.whl", hash = "sha256:221de0b48bf387f209003508e602ce839a80463522fc6f583ad3c8d5c890d2c1"},
    {file = "Cython-3.0.11-cp311-cp311-win_amd64.whl", hash = "sha256:3ff8ac1f0ecd4f505db4ab051e58e4531f5d098b6ac03b91c3b902e8d10c67b3"},
    {file = "Cython-3.0.11-cp312-cp312-macosx_10_9_x86_64.whl", hash = "sha256:11996c40c32abf843ba652a6d53cb15944c88d91f91fc4e6f0028f5df8a8f8a1"},
    {file = "Cython-3.0.11-cp312-cp312-manylinux_2_17_aarch64.manylinux2014_aarch64.whl", hash = "sha256:63f2c892e9f9c1698ecfee78205541623eb31cd3a1b682668be7ac12de94aa8e"},
    {file = "Cython-3.0.11-cp312-cp312-manylinux_2_17_x86_64.manylinux2014_x86_64.whl", hash = "sha256:8b14c24f1dc4c4c9d997cca8d1b7fb01187a218aab932328247dcf5694a10102"},
    {file = "Cython-3.0.11-cp312-cp312-manylinux_2_5_i686.manylinux1_i686.manylinux_2_17_i686.manylinux2014_i686.whl", hash = "sha256:c8eed5c015685106db15dd103fd040948ddca9197b1dd02222711815ea782a27"},
    {file = "Cython-3.0.11-cp312-cp312-musllinux_1_2_aarch64.whl", hash = "sha256:780f89c95b8aec1e403005b3bf2f0a2afa060b3eba168c86830f079339adad89"},
    {file = "Cython-3.0.11-cp312-cp312-musllinux_1_2_x86_64.whl", hash = "sha256:a690f2ff460682ea985e8d38ec541be97e0977fa0544aadc21efc116ff8d7579"},
    {file = "Cython-3.0.11-cp312-cp312-win32.whl", hash = "sha256:2252b5aa57621848e310fe7fa6f7dce5f73aa452884a183d201a8bcebfa05a00"},
    {file = "Cython-3.0.11-cp312-cp312-win_amd64.whl", hash = "sha256:da394654c6da15c1d37f0b7ec5afd325c69a15ceafee2afba14b67a5df8a82c8"},
    {file = "Cython-3.0.11-cp313-cp313-macosx_10_13_x86_64.whl", hash = "sha256:4341d6a64d47112884e0bcf31e6c075268220ee4cd02223047182d4dda94d637"},
    {file = "Cython-3.0.11-cp313-cp313-manylinux_2_17_aarch64.manylinux2014_aarch64.whl", hash = "sha256:351955559b37e6c98b48aecb178894c311be9d731b297782f2b78d111f0c9015"},
    {file = "Cython-3.0.11-cp313-cp313-manylinux_2_17_x86_64.manylinux2014_x86_64.whl", hash = "sha256:9c02361af9bfa10ff1ccf967fc75159e56b1c8093caf565739ed77a559c1f29f"},
    {file = "Cython-3.0.11-cp313-cp313-manylinux_2_5_i686.manylinux1_i686.manylinux_2_17_i686.manylinux2014_i686.whl", hash = "sha256:6823aef13669a32caf18bbb036de56065c485d9f558551a9b55061acf9c4c27f"},
    {file = "Cython-3.0.11-cp313-cp313-musllinux_1_2_aarch64.whl", hash = "sha256:6fb68cef33684f8cc97987bee6ae919eee7e18ee6a3ad7ed9516b8386ef95ae6"},
    {file = "Cython-3.0.11-cp313-cp313-musllinux_1_2_x86_64.whl", hash = "sha256:790263b74432cb997740d73665f4d8d00b9cd1cecbdd981d93591ddf993d4f12"},
    {file = "Cython-3.0.11-cp313-cp313-win32.whl", hash = "sha256:e6dd395d1a704e34a9fac00b25f0036dce6654c6b898be6f872ac2bb4f2eda48"},
    {file = "Cython-3.0.11-cp313-cp313-win_amd64.whl", hash = "sha256:52186101d51497519e99b60d955fd5cb3bf747c67f00d742e70ab913f1e42d31"},
    {file = "Cython-3.0.11-cp36-cp36m-macosx_10_9_x86_64.whl", hash = "sha256:c69d5cad51388522b98a99b4be1b77316de85b0c0523fa865e0ea58bbb622e0a"},
    {file = "Cython-3.0.11-cp36-cp36m-manylinux_2_17_aarch64.manylinux2014_aarch64.whl", hash = "sha256:8acdc87e9009110adbceb7569765eb0980129055cc954c62f99fe9f094c9505e"},
    {file = "Cython-3.0.11-cp36-cp36m-manylinux_2_17_x86_64.manylinux2014_x86_64.whl", hash = "sha256:1dd47865f4c0a224da73acf83d113f93488d17624e2457dce1753acdfb1cc40c"},
    {file = "Cython-3.0.11-cp36-cp36m-manylinux_2_5_i686.manylinux1_i686.manylinux_2_17_i686.manylinux2014_i686.whl", hash = "sha256:301bde949b4f312a1c70e214b0c3bc51a3f955d466010d2f68eb042df36447b0"},
    {file = "Cython-3.0.11-cp36-cp36m-musllinux_1_2_aarch64.whl", hash = "sha256:f3953d2f504176f929862e5579cfc421860c33e9707f585d70d24e1096accdf7"},
    {file = "Cython-3.0.11-cp36-cp36m-musllinux_1_2_x86_64.whl", hash = "sha256:3f2b062f6df67e8a56c75e500ca330cf62c85ac26dd7fd006f07ef0f83aebfa3"},
    {file = "Cython-3.0.11-cp36-cp36m-win32.whl", hash = "sha256:c3d68751668c66c7a140b6023dba5d5d507f72063407bb609d3a5b0f3b8dfbe4"},
    {file = "Cython-3.0.11-cp36-cp36m-win_amd64.whl", hash = "sha256:bcd29945fafd12484cf37b1d84f12f0e7a33ba3eac5836531c6bd5283a6b3a0c"},
    {file = "Cython-3.0.11-cp37-cp37m-macosx_10_9_x86_64.whl", hash = "sha256:4e9a8d92978b15a0c7ca7f98447c6c578dc8923a0941d9d172d0b077cb69c576"},
    {file = "Cython-3.0.11-cp37-cp37m-manylinux_2_17_aarch64.manylinux2014_aarch64.whl", hash = "sha256:421017466e9260aca86823974e26e158e6358622f27c0f4da9c682f3b6d2e624"},
    {file = "Cython-3.0.11-cp37-cp37m-manylinux_2_17_x86_64.manylinux2014_x86_64.whl", hash = "sha256:d80a7232938d523c1a12f6b1794ab5efb1ae77ad3fde79de4bb558d8ab261619"},
    {file = "Cython-3.0.11-cp37-cp37m-manylinux_2_5_i686.manylinux1_i686.manylinux_2_17_i686.manylinux2014_i686.whl", hash = "sha256:bfa550d9ae39e827a6e7198076df763571cb53397084974a6948af558355e028"},
    {file = "Cython-3.0.11-cp37-cp37m-musllinux_1_2_aarch64.whl", hash = "sha256:aedceb6090a60854b31bf9571dc55f642a3fa5b91f11b62bcef167c52cac93d8"},
    {file = "Cython-3.0.11-cp37-cp37m-musllinux_1_2_x86_64.whl", hash = "sha256:473d35681d9f93ce380e6a7c8feb2d65fc6333bd7117fbc62989e404e241dbb0"},
    {file = "Cython-3.0.11-cp37-cp37m-win32.whl", hash = "sha256:3379c6521e25aa6cd7703bb7d635eaca75c0f9c7f1b0fdd6dd15a03bfac5f68d"},
    {file = "Cython-3.0.11-cp37-cp37m-win_amd64.whl", hash = "sha256:14701edb3107a5d9305a82d9d646c4f28bfecbba74b26cc1ee2f4be08f602057"},
    {file = "Cython-3.0.11-cp38-cp38-macosx_10_9_x86_64.whl", hash = "sha256:598699165cfa7c6d69513ee1bffc9e1fdd63b00b624409174c388538aa217975"},
    {file = "Cython-3.0.11-cp38-cp38-manylinux_2_17_aarch64.manylinux2014_aarch64.whl", hash = "sha256:a0583076c4152b417a3a8a5d81ec02f58c09b67d3f22d5857e64c8734ceada8c"},
    {file = "Cython-3.0.11-cp38-cp38-manylinux_2_17_x86_64.manylinux2014_x86_64.whl", hash = "sha256:52205347e916dd65d2400b977df4c697390c3aae0e96275a438cc4ae85dadc08"},
    {file = "Cython-3.0.11-cp38-cp38-manylinux_2_5_i686.manylinux1_i686.manylinux_2_17_i686.manylinux2014_i686.whl", hash = "sha256:989899a85f0d9a57cebb508bd1f194cb52f0e3f7e22ac259f33d148d6422375c"},
    {file = "Cython-3.0.11-cp38-cp38-musllinux_1_2_aarch64.whl", hash = "sha256:53b6072a89049a991d07f42060f65398448365c59c9cb515c5925b9bdc9d71f8"},
    {file = "Cython-3.0.11-cp38-cp38-musllinux_1_2_x86_64.whl", hash = "sha256:f988f7f8164a6079c705c39e2d75dbe9967e3dacafe041420d9af7b9ee424162"},
    {file = "Cython-3.0.11-cp38-cp38-win32.whl", hash = "sha256:a1f4cbc70f6b7f0c939522118820e708e0d490edca42d852fa8004ec16780be2"},
    {file = "Cython-3.0.11-cp38-cp38-win_amd64.whl", hash = "sha256:187685e25e037320cae513b8cc4bf9dbc4465c037051aede509cbbf207524de2"},
    {file = "Cython-3.0.11-cp39-cp39-macosx_10_9_x86_64.whl", hash = "sha256:0fc6fdd6fa493be7bdda22355689d5446ac944cd71286f6f44a14b0d67ee3ff5"},
    {file = "Cython-3.0.11-cp39-cp39-manylinux_2_17_aarch64.manylinux2014_aarch64.whl", hash = "sha256:0b1d1f6f94cc5d42a4591f6d60d616786b9cd15576b112bc92a23131fcf38020"},
    {file = "Cython-3.0.11-cp39-cp39-manylinux_2_17_x86_64.manylinux2014_x86_64.whl", hash = "sha256:b4ab2b92a3e6ed552adbe9350fd2ef3aa0cc7853cf91569f9dbed0c0699bbeab"},
    {file = "Cython-3.0.11-cp39-cp39-manylinux_2_5_i686.manylinux1_i686.manylinux_2_17_i686.manylinux2014_i686.whl", hash = "sha256:104d6f2f2c827ccc5e9e42c80ef6773a6aa94752fe6bc5b24a4eab4306fb7f07"},
    {file = "Cython-3.0.11-cp39-cp39-musllinux_1_2_aarch64.whl", hash = "sha256:13062ce556a1e98d2821f7a0253b50569fdc98c36efd6653a65b21e3f8bbbf5f"},
    {file = "Cython-3.0.11-cp39-cp39-musllinux_1_2_x86_64.whl", hash = "sha256:525d09b3405534763fa73bd78c8e51ac8264036ce4c16d37dfd1555a7da6d3a7"},
    {file = "Cython-3.0.11-cp39-cp39-win32.whl", hash = "sha256:b8c7e514075696ca0f60c337f9e416e61d7ccbc1aa879a56c39181ed90ec3059"},
    {file = "Cython-3.0.11-cp39-cp39-win_amd64.whl", hash = "sha256:8948802e1f5677a673ea5d22a1e7e273ca5f83e7a452786ca286eebf97cee67c"},
    {file = "Cython-3.0.11-py2.py3-none-any.whl", hash = "sha256:0e25f6425ad4a700d7f77cd468da9161e63658837d1bc34861a9861a4ef6346d"},
    {file = "cython-3.0.11.tar.gz", hash = "sha256:7146dd2af8682b4ca61331851e6aebce9fe5158e75300343f80c07ca80b1faff"},
]

[[package]]
name = "distlib"
version = "0.3.8"
description = "Distribution utilities"
optional = false
python-versions = "*"
files = [
    {file = "distlib-0.3.8-py2.py3-none-any.whl", hash = "sha256:034db59a0b96f8ca18035f36290806a9a6e6bd9d1ff91e45a7f172eb17e51784"},
    {file = "distlib-0.3.8.tar.gz", hash = "sha256:1530ea13e350031b6312d8580ddb6b27a104275a31106523b8f123787f494f64"},
]

[[package]]
name = "filelock"
version = "3.16.1"
description = "A platform independent file lock."
optional = false
python-versions = ">=3.8"
files = [
    {file = "filelock-3.16.1-py3-none-any.whl", hash = "sha256:2082e5703d51fbf98ea75855d9d5527e33d8ff23099bec374a134febee6946b0"},
    {file = "filelock-3.16.1.tar.gz", hash = "sha256:c249fbfcd5db47e5e2d6d62198e565475ee65e4831e2561c8e313fa7eb961435"},
]

[package.extras]
docs = ["furo (>=2024.8.6)", "sphinx (>=8.0.2)", "sphinx-autodoc-typehints (>=2.4.1)"]
testing = ["covdefaults (>=2.3)", "coverage (>=7.6.1)", "diff-cover (>=9.2)", "pytest (>=8.3.3)", "pytest-asyncio (>=0.24)", "pytest-cov (>=5)", "pytest-mock (>=3.14)", "pytest-timeout (>=2.3.1)", "virtualenv (>=20.26.4)"]
typing = ["typing-extensions (>=4.12.2)"]

[[package]]
name = "jinja2"
version = "3.1.4"
description = "A very fast and expressive template engine."
optional = false
python-versions = ">=3.7"
files = [
    {file = "jinja2-3.1.4-py3-none-any.whl", hash = "sha256:bc5dd2abb727a5319567b7a813e6a2e7318c39f4f487cfe6c89c6f9c7d25197d"},
    {file = "jinja2-3.1.4.tar.gz", hash = "sha256:4a3aee7acbbe7303aede8e9648d13b8bf88a429282aa6122a993f0ac800cb369"},
]

[package.dependencies]
MarkupSafe = ">=2.0"

[package.extras]
i18n = ["Babel (>=2.7)"]

[[package]]
name = "lsprotocol"
version = "2023.0.1"
description = "Python implementation of the Language Server Protocol."
optional = false
python-versions = ">=3.7"
files = [
    {file = "lsprotocol-2023.0.1-py3-none-any.whl", hash = "sha256:c75223c9e4af2f24272b14c6375787438279369236cd568f596d4951052a60f2"},
    {file = "lsprotocol-2023.0.1.tar.gz", hash = "sha256:cc5c15130d2403c18b734304339e51242d3018a05c4f7d0f198ad6e0cd21861d"},
]

[package.dependencies]
attrs = ">=21.3.0"
cattrs = "!=23.2.1"

[[package]]
name = "markupsafe"
version = "2.1.5"
description = "Safely add untrusted strings to HTML/XML markup."
optional = false
python-versions = ">=3.7"
files = [
    {file = "MarkupSafe-2.1.5-cp310-cp310-macosx_10_9_universal2.whl", hash = "sha256:a17a92de5231666cfbe003f0e4b9b3a7ae3afb1ec2845aadc2bacc93ff85febc"},
    {file = "MarkupSafe-2.1.5-cp310-cp310-macosx_10_9_x86_64.whl", hash = "sha256:72b6be590cc35924b02c78ef34b467da4ba07e4e0f0454a2c5907f473fc50ce5"},
    {file = "MarkupSafe-2.1.5-cp310-cp310-manylinux_2_17_aarch64.manylinux2014_aarch64.whl", hash = "sha256:e61659ba32cf2cf1481e575d0462554625196a1f2fc06a1c777d3f48e8865d46"},
    {file = "MarkupSafe-2.1.5-cp310-cp310-manylinux_2_17_x86_64.manylinux2014_x86_64.whl", hash = "sha256:2174c595a0d73a3080ca3257b40096db99799265e1c27cc5a610743acd86d62f"},
    {file = "MarkupSafe-2.1.5-cp310-cp310-manylinux_2_5_i686.manylinux1_i686.manylinux_2_17_i686.manylinux2014_i686.whl", hash = "sha256:ae2ad8ae6ebee9d2d94b17fb62763125f3f374c25618198f40cbb8b525411900"},
    {file = "MarkupSafe-2.1.5-cp310-cp310-musllinux_1_1_aarch64.whl", hash = "sha256:075202fa5b72c86ad32dc7d0b56024ebdbcf2048c0ba09f1cde31bfdd57bcfff"},
    {file = "MarkupSafe-2.1.5-cp310-cp310-musllinux_1_1_i686.whl", hash = "sha256:598e3276b64aff0e7b3451b72e94fa3c238d452e7ddcd893c3ab324717456bad"},
    {file = "MarkupSafe-2.1.5-cp310-cp310-musllinux_1_1_x86_64.whl", hash = "sha256:fce659a462a1be54d2ffcacea5e3ba2d74daa74f30f5f143fe0c58636e355fdd"},
    {file = "MarkupSafe-2.1.5-cp310-cp310-win32.whl", hash = "sha256:d9fad5155d72433c921b782e58892377c44bd6252b5af2f67f16b194987338a4"},
    {file = "MarkupSafe-2.1.5-cp310-cp310-win_amd64.whl", hash = "sha256:bf50cd79a75d181c9181df03572cdce0fbb75cc353bc350712073108cba98de5"},
    {file = "MarkupSafe-2.1.5-cp311-cp311-macosx_10_9_universal2.whl", hash = "sha256:629ddd2ca402ae6dbedfceeba9c46d5f7b2a61d9749597d4307f943ef198fc1f"},
    {file = "MarkupSafe-2.1.5-cp311-cp311-macosx_10_9_x86_64.whl", hash = "sha256:5b7b716f97b52c5a14bffdf688f971b2d5ef4029127f1ad7a513973cfd818df2"},
    {file = "MarkupSafe-2.1.5-cp311-cp311-manylinux_2_17_aarch64.manylinux2014_aarch64.whl", hash = "sha256:6ec585f69cec0aa07d945b20805be741395e28ac1627333b1c5b0105962ffced"},
    {file = "MarkupSafe-2.1.5-cp311-cp311-manylinux_2_17_x86_64.manylinux2014_x86_64.whl", hash = "sha256:b91c037585eba9095565a3556f611e3cbfaa42ca1e865f7b8015fe5c7336d5a5"},
    {file = "MarkupSafe-2.1.5-cp311-cp311-manylinux_2_5_i686.manylinux1_i686.manylinux_2_17_i686.manylinux2014_i686.whl", hash = "sha256:7502934a33b54030eaf1194c21c692a534196063db72176b0c4028e140f8f32c"},
    {file = "MarkupSafe-2.1.5-cp311-cp311-musllinux_1_1_aarch64.whl", hash = "sha256:0e397ac966fdf721b2c528cf028494e86172b4feba51d65f81ffd65c63798f3f"},
    {file = "MarkupSafe-2.1.5-cp311-cp311-musllinux_1_1_i686.whl", hash = "sha256:c061bb86a71b42465156a3ee7bd58c8c2ceacdbeb95d05a99893e08b8467359a"},
    {file = "MarkupSafe-2.1.5-cp311-cp311-musllinux_1_1_x86_64.whl", hash = "sha256:3a57fdd7ce31c7ff06cdfbf31dafa96cc533c21e443d57f5b1ecc6cdc668ec7f"},
    {file = "MarkupSafe-2.1.5-cp311-cp311-win32.whl", hash = "sha256:397081c1a0bfb5124355710fe79478cdbeb39626492b15d399526ae53422b906"},
    {file = "MarkupSafe-2.1.5-cp311-cp311-win_amd64.whl", hash = "sha256:2b7c57a4dfc4f16f7142221afe5ba4e093e09e728ca65c51f5620c9aaeb9a617"},
    {file = "MarkupSafe-2.1.5-cp312-cp312-macosx_10_9_universal2.whl", hash = "sha256:8dec4936e9c3100156f8a2dc89c4b88d5c435175ff03413b443469c7c8c5f4d1"},
    {file = "MarkupSafe-2.1.5-cp312-cp312-macosx_10_9_x86_64.whl", hash = "sha256:3c6b973f22eb18a789b1460b4b91bf04ae3f0c4234a0a6aa6b0a92f6f7b951d4"},
    {file = "MarkupSafe-2.1.5-cp312-cp312-manylinux_2_17_aarch64.manylinux2014_aarch64.whl", hash = "sha256:ac07bad82163452a6884fe8fa0963fb98c2346ba78d779ec06bd7a6262132aee"},
    {file = "MarkupSafe-2.1.5-cp312-cp312-manylinux_2_17_x86_64.manylinux2014_x86_64.whl", hash = "sha256:f5dfb42c4604dddc8e4305050aa6deb084540643ed5804d7455b5df8fe16f5e5"},
    {file = "MarkupSafe-2.1.5-cp312-cp312-manylinux_2_5_i686.manylinux1_i686.manylinux_2_17_i686.manylinux2014_i686.whl", hash = "sha256:ea3d8a3d18833cf4304cd2fc9cbb1efe188ca9b5efef2bdac7adc20594a0e46b"},
    {file = "MarkupSafe-2.1.5-cp312-cp312-musllinux_1_1_aarch64.whl", hash = "sha256:d050b3361367a06d752db6ead6e7edeb0009be66bc3bae0ee9d97fb326badc2a"},
    {file = "MarkupSafe-2.1.5-cp312-cp312-musllinux_1_1_i686.whl", hash = "sha256:bec0a414d016ac1a18862a519e54b2fd0fc8bbfd6890376898a6c0891dd82e9f"},
    {file = "MarkupSafe-2.1.5-cp312-cp312-musllinux_1_1_x86_64.whl", hash = "sha256:58c98fee265677f63a4385256a6d7683ab1832f3ddd1e66fe948d5880c21a169"},
    {file = "MarkupSafe-2.1.5-cp312-cp312-win32.whl", hash = "sha256:8590b4ae07a35970728874632fed7bd57b26b0102df2d2b233b6d9d82f6c62ad"},
    {file = "MarkupSafe-2.1.5-cp312-cp312-win_amd64.whl", hash = "sha256:823b65d8706e32ad2df51ed89496147a42a2a6e01c13cfb6ffb8b1e92bc910bb"},
    {file = "MarkupSafe-2.1.5-cp37-cp37m-macosx_10_9_x86_64.whl", hash = "sha256:c8b29db45f8fe46ad280a7294f5c3ec36dbac9491f2d1c17345be8e69cc5928f"},
    {file = "MarkupSafe-2.1.5-cp37-cp37m-manylinux_2_17_aarch64.manylinux2014_aarch64.whl", hash = "sha256:ec6a563cff360b50eed26f13adc43e61bc0c04d94b8be985e6fb24b81f6dcfdf"},
    {file = "MarkupSafe-2.1.5-cp37-cp37m-manylinux_2_17_x86_64.manylinux2014_x86_64.whl", hash = "sha256:a549b9c31bec33820e885335b451286e2969a2d9e24879f83fe904a5ce59d70a"},
    {file = "MarkupSafe-2.1.5-cp37-cp37m-manylinux_2_5_i686.manylinux1_i686.manylinux_2_17_i686.manylinux2014_i686.whl", hash = "sha256:4f11aa001c540f62c6166c7726f71f7573b52c68c31f014c25cc7901deea0b52"},
    {file = "MarkupSafe-2.1.5-cp37-cp37m-musllinux_1_1_aarch64.whl", hash = "sha256:7b2e5a267c855eea6b4283940daa6e88a285f5f2a67f2220203786dfa59b37e9"},
    {file = "MarkupSafe-2.1.5-cp37-cp37m-musllinux_1_1_i686.whl", hash = "sha256:2d2d793e36e230fd32babe143b04cec8a8b3eb8a3122d2aceb4a371e6b09b8df"},
    {file = "MarkupSafe-2.1.5-cp37-cp37m-musllinux_1_1_x86_64.whl", hash = "sha256:ce409136744f6521e39fd8e2a24c53fa18ad67aa5bc7c2cf83645cce5b5c4e50"},
    {file = "MarkupSafe-2.1.5-cp37-cp37m-win32.whl", hash = "sha256:4096e9de5c6fdf43fb4f04c26fb114f61ef0bf2e5604b6ee3019d51b69e8c371"},
    {file = "MarkupSafe-2.1.5-cp37-cp37m-win_amd64.whl", hash = "sha256:4275d846e41ecefa46e2015117a9f491e57a71ddd59bbead77e904dc02b1bed2"},
    {file = "MarkupSafe-2.1.5-cp38-cp38-macosx_10_9_universal2.whl", hash = "sha256:656f7526c69fac7f600bd1f400991cc282b417d17539a1b228617081106feb4a"},
    {file = "MarkupSafe-2.1.5-cp38-cp38-macosx_10_9_x86_64.whl", hash = "sha256:97cafb1f3cbcd3fd2b6fbfb99ae11cdb14deea0736fc2b0952ee177f2b813a46"},
    {file = "MarkupSafe-2.1.5-cp38-cp38-manylinux_2_17_aarch64.manylinux2014_aarch64.whl", hash = "sha256:1f3fbcb7ef1f16e48246f704ab79d79da8a46891e2da03f8783a5b6fa41a9532"},
    {file = "MarkupSafe-2.1.5-cp38-cp38-manylinux_2_17_x86_64.manylinux2014_x86_64.whl", hash = "sha256:fa9db3f79de01457b03d4f01b34cf91bc0048eb2c3846ff26f66687c2f6d16ab"},
    {file = "MarkupSafe-2.1.5-cp38-cp38-manylinux_2_5_i686.manylinux1_i686.manylinux_2_17_i686.manylinux2014_i686.whl", hash = "sha256:ffee1f21e5ef0d712f9033568f8344d5da8cc2869dbd08d87c84656e6a2d2f68"},
    {file = "MarkupSafe-2.1.5-cp38-cp38-musllinux_1_1_aarch64.whl", hash = "sha256:5dedb4db619ba5a2787a94d877bc8ffc0566f92a01c0ef214865e54ecc9ee5e0"},
    {file = "MarkupSafe-2.1.5-cp38-cp38-musllinux_1_1_i686.whl", hash = "sha256:30b600cf0a7ac9234b2638fbc0fb6158ba5bdcdf46aeb631ead21248b9affbc4"},
    {file = "MarkupSafe-2.1.5-cp38-cp38-musllinux_1_1_x86_64.whl", hash = "sha256:8dd717634f5a044f860435c1d8c16a270ddf0ef8588d4887037c5028b859b0c3"},
    {file = "MarkupSafe-2.1.5-cp38-cp38-win32.whl", hash = "sha256:daa4ee5a243f0f20d528d939d06670a298dd39b1ad5f8a72a4275124a7819eff"},
    {file = "MarkupSafe-2.1.5-cp38-cp38-win_amd64.whl", hash = "sha256:619bc166c4f2de5caa5a633b8b7326fbe98e0ccbfacabd87268a2b15ff73a029"},
    {file = "MarkupSafe-2.1.5-cp39-cp39-macosx_10_9_universal2.whl", hash = "sha256:7a68b554d356a91cce1236aa7682dc01df0edba8d043fd1ce607c49dd3c1edcf"},
    {file = "MarkupSafe-2.1.5-cp39-cp39-macosx_10_9_x86_64.whl", hash = "sha256:db0b55e0f3cc0be60c1f19efdde9a637c32740486004f20d1cff53c3c0ece4d2"},
    {file = "MarkupSafe-2.1.5-cp39-cp39-manylinux_2_17_aarch64.manylinux2014_aarch64.whl", hash = "sha256:3e53af139f8579a6d5f7b76549125f0d94d7e630761a2111bc431fd820e163b8"},
    {file = "MarkupSafe-2.1.5-cp39-cp39-manylinux_2_17_x86_64.manylinux2014_x86_64.whl", hash = "sha256:17b950fccb810b3293638215058e432159d2b71005c74371d784862b7e4683f3"},
    {file = "MarkupSafe-2.1.5-cp39-cp39-manylinux_2_5_i686.manylinux1_i686.manylinux_2_17_i686.manylinux2014_i686.whl", hash = "sha256:4c31f53cdae6ecfa91a77820e8b151dba54ab528ba65dfd235c80b086d68a465"},
    {file = "MarkupSafe-2.1.5-cp39-cp39-musllinux_1_1_aarch64.whl", hash = "sha256:bff1b4290a66b490a2f4719358c0cdcd9bafb6b8f061e45c7a2460866bf50c2e"},
    {file = "MarkupSafe-2.1.5-cp39-cp39-musllinux_1_1_i686.whl", hash = "sha256:bc1667f8b83f48511b94671e0e441401371dfd0f0a795c7daa4a3cd1dde55bea"},
    {file = "MarkupSafe-2.1.5-cp39-cp39-musllinux_1_1_x86_64.whl", hash = "sha256:5049256f536511ee3f7e1b3f87d1d1209d327e818e6ae1365e8653d7e3abb6a6"},
    {file = "MarkupSafe-2.1.5-cp39-cp39-win32.whl", hash = "sha256:00e046b6dd71aa03a41079792f8473dc494d564611a8f89bbbd7cb93295ebdcf"},
    {file = "MarkupSafe-2.1.5-cp39-cp39-win_amd64.whl", hash = "sha256:fa173ec60341d6bb97a89f5ea19c85c5643c1e7dedebc22f5181eb73573142c5"},
    {file = "MarkupSafe-2.1.5.tar.gz", hash = "sha256:d283d37a890ba4c1ae73ffadf8046435c76e7bc2247bbb63c00bd1a709c6544b"},
]

[[package]]
name = "mypy"
version = "1.11.2"
description = "Optional static typing for Python"
optional = false
python-versions = ">=3.8"
files = [
    {file = "mypy-1.11.2-cp310-cp310-macosx_10_9_x86_64.whl", hash = "sha256:d42a6dd818ffce7be66cce644f1dff482f1d97c53ca70908dff0b9ddc120b77a"},
    {file = "mypy-1.11.2-cp310-cp310-macosx_11_0_arm64.whl", hash = "sha256:801780c56d1cdb896eacd5619a83e427ce436d86a3bdf9112527f24a66618fef"},
    {file = "mypy-1.11.2-cp310-cp310-manylinux_2_17_x86_64.manylinux2014_x86_64.manylinux_2_28_x86_64.whl", hash = "sha256:41ea707d036a5307ac674ea172875f40c9d55c5394f888b168033177fce47383"},
    {file = "mypy-1.11.2-cp310-cp310-musllinux_1_1_x86_64.whl", hash = "sha256:6e658bd2d20565ea86da7d91331b0eed6d2eee22dc031579e6297f3e12c758c8"},
    {file = "mypy-1.11.2-cp310-cp310-win_amd64.whl", hash = "sha256:478db5f5036817fe45adb7332d927daa62417159d49783041338921dcf646fc7"},
    {file = "mypy-1.11.2-cp311-cp311-macosx_10_9_x86_64.whl", hash = "sha256:75746e06d5fa1e91bfd5432448d00d34593b52e7e91a187d981d08d1f33d4385"},
    {file = "mypy-1.11.2-cp311-cp311-macosx_11_0_arm64.whl", hash = "sha256:a976775ab2256aadc6add633d44f100a2517d2388906ec4f13231fafbb0eccca"},
    {file = "mypy-1.11.2-cp311-cp311-manylinux_2_17_x86_64.manylinux2014_x86_64.manylinux_2_28_x86_64.whl", hash = "sha256:cd953f221ac1379050a8a646585a29574488974f79d8082cedef62744f0a0104"},
    {file = "mypy-1.11.2-cp311-cp311-musllinux_1_1_x86_64.whl", hash = "sha256:57555a7715c0a34421013144a33d280e73c08df70f3a18a552938587ce9274f4"},
    {file = "mypy-1.11.2-cp311-cp311-win_amd64.whl", hash = "sha256:36383a4fcbad95f2657642a07ba22ff797de26277158f1cc7bd234821468b1b6"},
    {file = "mypy-1.11.2-cp312-cp312-macosx_10_9_x86_64.whl", hash = "sha256:e8960dbbbf36906c5c0b7f4fbf2f0c7ffb20f4898e6a879fcf56a41a08b0d318"},
    {file = "mypy-1.11.2-cp312-cp312-macosx_11_0_arm64.whl", hash = "sha256:06d26c277962f3fb50e13044674aa10553981ae514288cb7d0a738f495550b36"},
    {file = "mypy-1.11.2-cp312-cp312-manylinux_2_17_x86_64.manylinux2014_x86_64.manylinux_2_28_x86_64.whl", hash = "sha256:6e7184632d89d677973a14d00ae4d03214c8bc301ceefcdaf5c474866814c987"},
    {file = "mypy-1.11.2-cp312-cp312-musllinux_1_1_x86_64.whl", hash = "sha256:3a66169b92452f72117e2da3a576087025449018afc2d8e9bfe5ffab865709ca"},
    {file = "mypy-1.11.2-cp312-cp312-win_amd64.whl", hash = "sha256:969ea3ef09617aff826885a22ece0ddef69d95852cdad2f60c8bb06bf1f71f70"},
    {file = "mypy-1.11.2-cp38-cp38-macosx_10_9_x86_64.whl", hash = "sha256:37c7fa6121c1cdfcaac97ce3d3b5588e847aa79b580c1e922bb5d5d2902df19b"},
    {file = "mypy-1.11.2-cp38-cp38-macosx_11_0_arm64.whl", hash = "sha256:4a8a53bc3ffbd161b5b2a4fff2f0f1e23a33b0168f1c0778ec70e1a3d66deb86"},
    {file = "mypy-1.11.2-cp38-cp38-manylinux_2_17_x86_64.manylinux2014_x86_64.manylinux_2_28_x86_64.whl", hash = "sha256:2ff93107f01968ed834f4256bc1fc4475e2fecf6c661260066a985b52741ddce"},
    {file = "mypy-1.11.2-cp38-cp38-musllinux_1_1_x86_64.whl", hash = "sha256:edb91dded4df17eae4537668b23f0ff6baf3707683734b6a818d5b9d0c0c31a1"},
    {file = "mypy-1.11.2-cp38-cp38-win_amd64.whl", hash = "sha256:ee23de8530d99b6db0573c4ef4bd8f39a2a6f9b60655bf7a1357e585a3486f2b"},
    {file = "mypy-1.11.2-cp39-cp39-macosx_10_9_x86_64.whl", hash = "sha256:801ca29f43d5acce85f8e999b1e431fb479cb02d0e11deb7d2abb56bdaf24fd6"},
    {file = "mypy-1.11.2-cp39-cp39-macosx_11_0_arm64.whl", hash = "sha256:af8d155170fcf87a2afb55b35dc1a0ac21df4431e7d96717621962e4b9192e70"},
    {file = "mypy-1.11.2-cp39-cp39-manylinux_2_17_x86_64.manylinux2014_x86_64.manylinux_2_28_x86_64.whl", hash = "sha256:f7821776e5c4286b6a13138cc935e2e9b6fde05e081bdebf5cdb2bb97c9df81d"},
    {file = "mypy-1.11.2-cp39-cp39-musllinux_1_1_x86_64.whl", hash = "sha256:539c570477a96a4e6fb718b8d5c3e0c0eba1f485df13f86d2970c91f0673148d"},
    {file = "mypy-1.11.2-cp39-cp39-win_amd64.whl", hash = "sha256:3f14cd3d386ac4d05c5a39a51b84387403dadbd936e17cb35882134d4f8f0d24"},
    {file = "mypy-1.11.2-py3-none-any.whl", hash = "sha256:b499bc07dbdcd3de92b0a8b29fdf592c111276f6a12fe29c30f6c417dd546d12"},
    {file = "mypy-1.11.2.tar.gz", hash = "sha256:7f9993ad3e0ffdc95c2a14b66dee63729f021968bff8ad911867579c65d13a79"},
]

[package.dependencies]
mypy-extensions = ">=1.0.0"
typing-extensions = ">=4.6.0"

[package.extras]
dmypy = ["psutil (>=4.0)"]
install-types = ["pip"]
mypyc = ["setuptools (>=50)"]
reports = ["lxml"]

[[package]]
name = "mypy-extensions"
version = "1.0.0"
description = "Type system extensions for programs checked with the mypy type checker."
optional = false
python-versions = ">=3.5"
files = [
    {file = "mypy_extensions-1.0.0-py3-none-any.whl", hash = "sha256:4392f6c0eb8a5668a69e23d168ffa70f0be9ccfd32b5cc2d26a34ae5b844552d"},
    {file = "mypy_extensions-1.0.0.tar.gz", hash = "sha256:75dbf8955dc00442a438fc4d0666508a9a97b6bd41aa2f0ffe9d2f2725af0782"},
]

[[package]]
name = "packaging"
version = "24.1"
description = "Core utilities for Python packages"
optional = false
python-versions = ">=3.8"
files = [
    {file = "packaging-24.1-py3-none-any.whl", hash = "sha256:5b8f2217dbdbd2f7f384c41c628544e6d52f2d0f53c6d0c3ea61aa5d1d7ff124"},
    {file = "packaging-24.1.tar.gz", hash = "sha256:026ed72c8ed3fcce5bf8950572258698927fd1dbda10a5e981cdf0ac37f4f002"},
]

[[package]]
name = "pexpect"
version = "4.9.0"
description = "Pexpect allows easy control of interactive console applications."
optional = false
python-versions = "*"
files = [
    {file = "pexpect-4.9.0-py2.py3-none-any.whl", hash = "sha256:7236d1e080e4936be2dc3e326cec0af72acf9212a7e1d060210e70a47e253523"},
    {file = "pexpect-4.9.0.tar.gz", hash = "sha256:ee7d41123f3c9911050ea2c2dac107568dc43b2d3b0c7557a33212c398ead30f"},
]

[package.dependencies]
ptyprocess = ">=0.5"

[[package]]
name = "platformdirs"
version = "4.3.6"
description = "A small Python package for determining appropriate platform-specific dirs, e.g. a `user data dir`."
optional = false
python-versions = ">=3.8"
files = [
    {file = "platformdirs-4.3.6-py3-none-any.whl", hash = "sha256:73e575e1408ab8103900836b97580d5307456908a03e92031bab39e4554cc3fb"},
    {file = "platformdirs-4.3.6.tar.gz", hash = "sha256:357fb2acbc885b0419afd3ce3ed34564c13c9b95c89360cd9563f73aa5e2b907"},
]

[package.extras]
docs = ["furo (>=2024.8.6)", "proselint (>=0.14)", "sphinx (>=8.0.2)", "sphinx-autodoc-typehints (>=2.4)"]
test = ["appdirs (==1.4.4)", "covdefaults (>=2.3)", "pytest (>=8.3.2)", "pytest-cov (>=5)", "pytest-mock (>=3.14)"]
type = ["mypy (>=1.11.2)"]

[[package]]
name = "ptyprocess"
version = "0.7.0"
description = "Run a subprocess in a pseudo terminal"
optional = false
python-versions = "*"
files = [
    {file = "ptyprocess-0.7.0-py2.py3-none-any.whl", hash = "sha256:4b41f3967fce3af57cc7e94b888626c18bf37a083e3651ca8feeb66d492fef35"},
    {file = "ptyprocess-0.7.0.tar.gz", hash = "sha256:5c5d0a3b48ceee0b48485e0c26037c0acd7d29765ca3fbb5cb3831d347423220"},
]

[[package]]
name = "pygls"
version = "1.3.1"
description = "A pythonic generic language server (pronounced like 'pie glass')"
optional = false
python-versions = ">=3.8"
files = [
    {file = "pygls-1.3.1-py3-none-any.whl", hash = "sha256:6e00f11efc56321bdeb6eac04f6d86131f654c7d49124344a9ebb968da3dd91e"},
    {file = "pygls-1.3.1.tar.gz", hash = "sha256:140edceefa0da0e9b3c533547c892a42a7d2fd9217ae848c330c53d266a55018"},
]

[package.dependencies]
cattrs = ">=23.1.2"
lsprotocol = "2023.0.1"

[package.extras]
ws = ["websockets (>=11.0.3)"]

[[package]]
name = "pyproject-hooks"
version = "1.1.0"
description = "Wrappers to call pyproject.toml-based build backend hooks."
optional = false
python-versions = ">=3.7"
files = [
    {file = "pyproject_hooks-1.1.0-py3-none-any.whl", hash = "sha256:7ceeefe9aec63a1064c18d939bdc3adf2d8aa1988a510afec15151578b232aa2"},
    {file = "pyproject_hooks-1.1.0.tar.gz", hash = "sha256:4b37730834edbd6bd37f26ece6b44802fb1c1ee2ece0e54ddff8bfc06db86965"},
]

[[package]]
name = "pyside6"
version = "6.7.2"
description = "Python bindings for the Qt cross-platform application and UI framework"
optional = false
python-versions = "<3.13,>=3.9"
files = [
    {file = "PySide6-6.7.2-cp39-abi3-macosx_11_0_universal2.whl", hash = "sha256:602debef9ec159b0db48f83b38a0e43e2dad3961f7d99f708d98620f04e9112b"},
    {file = "PySide6-6.7.2-cp39-abi3-manylinux_2_28_x86_64.whl", hash = "sha256:15e7696a09072ee977f6e6179ab1e48184953df8417bcaa83cfadf0b79747242"},
    {file = "PySide6-6.7.2-cp39-abi3-manylinux_2_31_aarch64.whl", hash = "sha256:6e0acb471535de303f56e3077aa86f53496b4de659b99ecce80520bcee508a63"},
    {file = "PySide6-6.7.2-cp39-abi3-win_amd64.whl", hash = "sha256:f73ae0de77d67f51ca3ce8207b12d3a5fa0107d3d5b6e4aeb3b53ee842b0927a"},
]

[package.dependencies]
PySide6-Addons = "6.7.2"
PySide6-Essentials = "6.7.2"
shiboken6 = "6.7.2"

[[package]]
name = "pyside6-addons"
version = "6.7.2"
description = "Python bindings for the Qt cross-platform application and UI framework (Addons)"
optional = false
python-versions = "<3.13,>=3.9"
files = [
    {file = "PySide6_Addons-6.7.2-cp39-abi3-macosx_11_0_universal2.whl", hash = "sha256:90b995efce61058d995c603ea480a9a3054fe8206739dcbc273fc3b53d40650f"},
    {file = "PySide6_Addons-6.7.2-cp39-abi3-manylinux_2_28_x86_64.whl", hash = "sha256:94b9bf6a2a4a7ac671e1776633e50d51326c86f4184f1c6e556f4dd5498fd52a"},
    {file = "PySide6_Addons-6.7.2-cp39-abi3-manylinux_2_31_aarch64.whl", hash = "sha256:22979b1aa09d9cf1d7a86c8a9aa0cb4791d6bd1cc94f96c5b6780c5ef8a9e34e"},
    {file = "PySide6_Addons-6.7.2-cp39-abi3-win_amd64.whl", hash = "sha256:ebf549eb25998665d8e4ec24014fbbd37bebc5ecdcb050b34db1e1c03e1bf81d"},
]

[package.dependencies]
PySide6-Essentials = "6.7.2"
shiboken6 = "6.7.2"

[[package]]
name = "pyside6-essentials"
version = "6.7.2"
description = "Python bindings for the Qt cross-platform application and UI framework (Essentials)"
optional = false
python-versions = "<3.13,>=3.9"
files = [
    {file = "PySide6_Essentials-6.7.2-cp39-abi3-macosx_11_0_universal2.whl", hash = "sha256:4d13666e796ec140ecfb432c4f3d7baef6dfafc11929985a83b22c0025532fb7"},
    {file = "PySide6_Essentials-6.7.2-cp39-abi3-manylinux_2_28_x86_64.whl", hash = "sha256:a1a4c09f1e916b9cfe53151fe4a503a6acb1f6621ba28204d1bfe636f80d6780"},
    {file = "PySide6_Essentials-6.7.2-cp39-abi3-manylinux_2_31_aarch64.whl", hash = "sha256:9135513e1c4c6e2fbb1e4f9afcb3d42e54708b0d9ed870cb3213ea4874cafa1e"},
    {file = "PySide6_Essentials-6.7.2-cp39-abi3-win_amd64.whl", hash = "sha256:0111d5fa8cf826de3ca9d82fed54726cce116d57f454f88a6467578652032d69"},
]

[package.dependencies]
shiboken6 = "6.7.2"

[[package]]
name = "python-for-android"
version = "2024.1.21"
description = "A development tool that packages Python apps into binaries that can run on Android devices."
optional = false
python-versions = ">=3.7.0"
files = [
    {file = "python-for-android-2024.1.21.tar.gz", hash = "sha256:f4f2854e4a31649cfbc4c17d6da475a59b0e7506fa1925151b4865b0d28fd497"},
    {file = "python_for_android-2024.1.21-py3-none-any.whl", hash = "sha256:846296e53ae0cd004b0b7b1a296fb3d9bc3469de7bf43e7454f7bded28d7ce26"},
]

[package.dependencies]
appdirs = "*"
build = "*"
colorama = ">=0.3.3"
jinja2 = "*"
packaging = "*"
setuptools = "*"
sh = {version = ">=1.10,<2.0", markers = "sys_platform != \"win32\""}
toml = "*"

[[package]]
name = "ruff"
version = "0.6.8"
description = "An extremely fast Python linter and code formatter, written in Rust."
optional = false
python-versions = ">=3.7"
files = [
    {file = "ruff-0.6.8-py3-none-linux_armv6l.whl", hash = "sha256:77944bca110ff0a43b768f05a529fecd0706aac7bcce36d7f1eeb4cbfca5f0f2"},
    {file = "ruff-0.6.8-py3-none-macosx_10_12_x86_64.whl", hash = "sha256:27b87e1801e786cd6ede4ada3faa5e254ce774de835e6723fd94551464c56b8c"},
    {file = "ruff-0.6.8-py3-none-macosx_11_0_arm64.whl", hash = "sha256:cd48f945da2a6334f1793d7f701725a76ba93bf3d73c36f6b21fb04d5338dcf5"},
    {file = "ruff-0.6.8-py3-none-manylinux_2_17_aarch64.manylinux2014_aarch64.whl", hash = "sha256:677e03c00f37c66cea033274295a983c7c546edea5043d0c798833adf4cf4c6f"},
    {file = "ruff-0.6.8-py3-none-manylinux_2_17_armv7l.manylinux2014_armv7l.whl", hash = "sha256:9f1476236b3eacfacfc0f66aa9e6cd39f2a624cb73ea99189556015f27c0bdeb"},
    {file = "ruff-0.6.8-py3-none-manylinux_2_17_i686.manylinux2014_i686.whl", hash = "sha256:6f5a2f17c7d32991169195d52a04c95b256378bbf0de8cb98478351eb70d526f"},
    {file = "ruff-0.6.8-py3-none-manylinux_2_17_ppc64.manylinux2014_ppc64.whl", hash = "sha256:5fd0d4b7b1457c49e435ee1e437900ced9b35cb8dc5178921dfb7d98d65a08d0"},
    {file = "ruff-0.6.8-py3-none-manylinux_2_17_ppc64le.manylinux2014_ppc64le.whl", hash = "sha256:f8034b19b993e9601f2ddf2c517451e17a6ab5cdb1c13fdff50c1442a7171d87"},
    {file = "ruff-0.6.8-py3-none-manylinux_2_17_s390x.manylinux2014_s390x.whl", hash = "sha256:6cfb227b932ba8ef6e56c9f875d987973cd5e35bc5d05f5abf045af78ad8e098"},
    {file = "ruff-0.6.8-py3-none-manylinux_2_17_x86_64.manylinux2014_x86_64.whl", hash = "sha256:6ef0411eccfc3909269fed47c61ffebdcb84a04504bafa6b6df9b85c27e813b0"},
    {file = "ruff-0.6.8-py3-none-musllinux_1_2_aarch64.whl", hash = "sha256:007dee844738c3d2e6c24ab5bc7d43c99ba3e1943bd2d95d598582e9c1b27750"},
    {file = "ruff-0.6.8-py3-none-musllinux_1_2_armv7l.whl", hash = "sha256:ce60058d3cdd8490e5e5471ef086b3f1e90ab872b548814e35930e21d848c9ce"},
    {file = "ruff-0.6.8-py3-none-musllinux_1_2_i686.whl", hash = "sha256:1085c455d1b3fdb8021ad534379c60353b81ba079712bce7a900e834859182fa"},
    {file = "ruff-0.6.8-py3-none-musllinux_1_2_x86_64.whl", hash = "sha256:70edf6a93b19481affd287d696d9e311388d808671bc209fb8907b46a8c3af44"},
    {file = "ruff-0.6.8-py3-none-win32.whl", hash = "sha256:792213f7be25316f9b46b854df80a77e0da87ec66691e8f012f887b4a671ab5a"},
    {file = "ruff-0.6.8-py3-none-win_amd64.whl", hash = "sha256:ec0517dc0f37cad14a5319ba7bba6e7e339d03fbf967a6d69b0907d61be7a263"},
    {file = "ruff-0.6.8-py3-none-win_arm64.whl", hash = "sha256:8d3bb2e3fbb9875172119021a13eed38849e762499e3cfde9588e4b4d70968dc"},
    {file = "ruff-0.6.8.tar.gz", hash = "sha256:a5bf44b1aa0adaf6d9d20f86162b34f7c593bfedabc51239953e446aefc8ce18"},
]

[[package]]
name = "ruff-lsp"
version = "0.0.57"
description = "A Language Server Protocol implementation for Ruff."
optional = false
python-versions = ">=3.7"
files = [
    {file = "ruff_lsp-0.0.57-py3-none-any.whl", hash = "sha256:0b63007c415a85200a18815a1367f207ceba51a20653b2a7bc63fe6cb4925cb5"},
    {file = "ruff_lsp-0.0.57.tar.gz", hash = "sha256:559b72ba460d0b90aab66ca11785b90ad8c6931509eb56db7dea2a8922bf41a8"},
]

[package.dependencies]
lsprotocol = ">=2023.0.0"
packaging = ">=23.1"
pygls = ">=1.1.0"
ruff = ">=0.0.274"
typing-extensions = "*"

[package.extras]
dev = ["mypy (==1.4.1)", "pip-tools (>=6.13.0,<7.0.0)", "pytest (>=7.3.1,<8.0.0)", "pytest-asyncio (==0.21.2)", "python-lsp-jsonrpc (==1.0.0)"]

[[package]]
name = "setuptools"
version = "75.1.0"
description = "Easily download, build, install, upgrade, and uninstall Python packages"
optional = false
python-versions = ">=3.8"
files = [
    {file = "setuptools-75.1.0-py3-none-any.whl", hash = "sha256:35ab7fd3bcd95e6b7fd704e4a1539513edad446c097797f2985e0e4b960772f2"},
    {file = "setuptools-75.1.0.tar.gz", hash = "sha256:d59a21b17a275fb872a9c3dae73963160ae079f1049ed956880cd7c09b120538"},
]

[package.extras]
check = ["pytest-checkdocs (>=2.4)", "pytest-ruff (>=0.2.1)", "ruff (>=0.5.2)"]
core = ["importlib-metadata (>=6)", "importlib-resources (>=5.10.2)", "jaraco.collections", "jaraco.functools", "jaraco.text (>=3.7)", "more-itertools", "more-itertools (>=8.8)", "packaging", "packaging (>=24)", "platformdirs (>=2.6.2)", "tomli (>=2.0.1)", "wheel (>=0.43.0)"]
cover = ["pytest-cov"]
doc = ["furo", "jaraco.packaging (>=9.3)", "jaraco.tidelift (>=1.4)", "pygments-github-lexers (==0.0.5)", "pyproject-hooks (!=1.1)", "rst.linker (>=1.9)", "sphinx (>=3.5)", "sphinx-favicon", "sphinx-inline-tabs", "sphinx-lint", "sphinx-notfound-page (>=1,<2)", "sphinx-reredirects", "sphinxcontrib-towncrier", "towncrier (<24.7)"]
enabler = ["pytest-enabler (>=2.2)"]
test = ["build[virtualenv] (>=1.0.3)", "filelock (>=3.4.0)", "ini2toml[lite] (>=0.14)", "jaraco.develop (>=7.21)", "jaraco.envs (>=2.2)", "jaraco.path (>=3.2.0)", "jaraco.test", "packaging (>=23.2)", "pip (>=19.1)", "pyproject-hooks (!=1.1)", "pytest (>=6,!=8.1.*)", "pytest-home (>=0.5)", "pytest-perf", "pytest-subprocess", "pytest-timeout", "pytest-xdist (>=3)", "tomli-w (>=1.0.0)", "virtualenv (>=13.0.0)", "wheel (>=0.44.0)"]
type = ["importlib-metadata (>=7.0.2)", "jaraco.develop (>=7.21)", "mypy (==1.11.*)", "pytest-mypy"]

[[package]]
name = "sh"
version = "1.14.3"
description = "Python subprocess replacement"
optional = false
python-versions = "*"
files = [
    {file = "sh-1.14.3.tar.gz", hash = "sha256:e4045b6c732d9ce75d571c79f5ac2234edd9ae4f5fa9d59b09705082bdca18c7"},
]

[[package]]
name = "shiboken6"
version = "6.7.2"
description = "Python/C++ bindings helper module"
optional = false
python-versions = "<3.13,>=3.9"
files = [
    {file = "shiboken6-6.7.2-cp39-abi3-macosx_11_0_universal2.whl", hash = "sha256:50c33ac6317b673a1eb97a9abaafccb162c4ba0c9ca658a8e449c49a8aadc379"},
    {file = "shiboken6-6.7.2-cp39-abi3-manylinux_2_28_x86_64.whl", hash = "sha256:70e80737b27cd5d83504b373013b55e70462bd4a27217d919ff9a83958731990"},
    {file = "shiboken6-6.7.2-cp39-abi3-manylinux_2_31_aarch64.whl", hash = "sha256:98bedf9a15f1d8ba1af3e4d1e7527f7946ce36da541e08074fd9dc9ab5ff1adf"},
    {file = "shiboken6-6.7.2-cp39-abi3-win_amd64.whl", hash = "sha256:9024e6afb2af1568ebfc8a5d07e4ff6c8829f40923eeb28901f535463e2b6b65"},
]

[[package]]
name = "toml"
version = "0.10.2"
description = "Python Library for Tom's Obvious, Minimal Language"
optional = false
python-versions = ">=2.6, !=3.0.*, !=3.1.*, !=3.2.*"
files = [
    {file = "toml-0.10.2-py2.py3-none-any.whl", hash = "sha256:806143ae5bfb6a3c6e736a764057db0e6a0e05e338b5630894a5f779cabb4f9b"},
    {file = "toml-0.10.2.tar.gz", hash = "sha256:b3bda1d108d5dd99f4a20d24d9c348e91c4db7ab1b749200bded2f839ccbe68f"},
]

[[package]]
name = "typing-extensions"
version = "4.12.2"
description = "Backported and Experimental Type Hints for Python 3.8+"
optional = false
python-versions = ">=3.8"
files = [
    {file = "typing_extensions-4.12.2-py3-none-any.whl", hash = "sha256:04e5ca0351e0f3f85c6853954072df659d0d13fac324d0072316b67d7794700d"},
    {file = "typing_extensions-4.12.2.tar.gz", hash = "sha256:1a7ead55c7e559dd4dee8856e3a88b41225abfe1ce8df57b7c13915fe121ffb8"},
]

[[package]]
name = "virtualenv"
version = "20.26.6"
description = "Virtual Python Environment builder"
optional = false
python-versions = ">=3.7"
files = [
    {file = "virtualenv-20.26.6-py3-none-any.whl", hash = "sha256:7345cc5b25405607a624d8418154577459c3e0277f5466dd79c49d5e492995f2"},
    {file = "virtualenv-20.26.6.tar.gz", hash = "sha256:280aede09a2a5c317e409a00102e7077c6432c5a38f0ef938e643805a7ad2c48"},
]

[package.dependencies]
distlib = ">=0.3.7,<1"
filelock = ">=3.12.2,<4"
platformdirs = ">=3.9.1,<5"

[package.extras]
docs = ["furo (>=2023.7.26)", "proselint (>=0.13)", "sphinx (>=7.1.2,!=7.3)", "sphinx-argparse (>=0.4)", "sphinxcontrib-towncrier (>=0.2.1a0)", "towncrier (>=23.6)"]
test = ["covdefaults (>=2.3)", "coverage (>=7.2.7)", "coverage-enable-subprocess (>=1)", "flaky (>=3.7)", "packaging (>=23.1)", "pytest (>=7.4)", "pytest-env (>=0.8.2)", "pytest-freezer (>=0.4.8)", "pytest-mock (>=3.11.1)", "pytest-randomly (>=3.12)", "pytest-timeout (>=2.1)", "setuptools (>=68)", "time-machine (>=2.10)"]

[metadata]
lock-version = "2.0"
python-versions = ">=3.12,<3.13"
content-hash = "9b01bf8da8f5547e4fe71c583946d051202c31ff2eeabae4ade8e8a1c6d6d5aa"
